
Microsoft Visual Studio Solution File, Format Version 12.00
# Visual Studio Version 16
VisualStudioVersion = 16.0.32901.82
MinimumVisualStudioVersion = 10.0.40219.1
Project("{FAE04EC0-301F-11D3-BF4B-00C04F79EFBC}") = "Tattoo_Shop", "Tattoo_Shop\Tattoo_Shop.csproj", "{9162236A-2E86-40C9-A363-99E8AAEDA6BB}"
EndProject
Global
	GlobalSection(SolutionConfigurationPlatforms) = preSolution
		Debug|Any CPU = Debug|Any CPU
		Release|Any CPU = Release|Any CPU
	EndGlobalSection
	GlobalSection(ProjectConfigurationPlatforms) = postSolution
		{9162236A-2E86-40C9-A363-99E8AAEDA6BB}.Debug|Any CPU.ActiveCfg = Debug|Any CPU
		{9162236A-2E86-40C9-A363-99E8AAEDA6BB}.Debug|Any CPU.Build.0 = Debug|Any CPU
		{9162236A-2E86-40C9-A363-99E8AAEDA6BB}.Release|Any CPU.ActiveCfg = Release|Any CPU
		{9162236A-2E86-40C9-A363-99E8AAEDA6BB}.Release|Any CPU.Build.0 = Release|Any CPU
	EndGlobalSection
	GlobalSection(SolutionProperties) = preSolution
		HideSolutionNode = FALSE
	EndGlobalSection
	GlobalSection(ExtensibilityGlobals) = postSolution
		SolutionGuid = {C87826C5-3179-42F3-904A-A71908506198}
	EndGlobalSection
EndGlobal
